{
  "requires": true,
  "lockfileVersion": 1,
  "dependencies": {
    "zanui-weapp": {
      "version": "3.1.3",
      "resolved": "https://registry.npmjs.org/zanui-weapp/-/zanui-weapp-3.1.3.tgz",
      "integrity": "sha512-HToujh5cFdcavFsN8o67RP5IWHQzWdgZNSlMh3RVfEcQnNdA1/Y34ufU0dGUyA5sZe2yb4Svh8hR3YYF30pTwQ=="
    }
  }
}
